active:
  interventions:
    hpi-decode-bp::bp-measurement:
      - 1ab226d3cdcca843a3525596ffb5d69e
      - 5
    hpi-decode-bp::calibration-measurement:
      - f3b1833a44eb0726ede71f5f2e88aa58
      - 6
  multimedia:
    hpi-decode-bp::calibration-video:
      - 10cf91bed086e99dbfad0b0c15084592
      - 2
    hpi-decode-bp::intervention-video:
      - 75c48c71686148717832f9b51c4931f9
      - 3
    hpi-decode-bp::intervention-video-always:
      - f6c705f1c46c1bccc1aa495c7c95e038
      - 3
    warrior-shield::hm-1:
      - c37f6aa42acc7c4043a43d1bb4b44ba2
      - 4
    warrior-shield::hm-2:
      - 8eacff141bd92a10bd16046a4c14b40f
      - 5
    warrior-shield::hm-2-always:
      - 22500e0842018473f426338ad8eeb568
      - 2
    warrior-shield::hm-3:
      - c021fe4d4bd35f1724eec835d05ea7ee
      - 5
    warrior-shield::hm-4:
      - d5759284a57ad7a29e333b9a25d99007
      - 5
    warrior-shield::hm-5:
      - 481295b45c390ab68f2c2babda217e54
      - 5
    warrior-shield::hm-6:
      - 262748a29ad49530ddb4d520680c9559
      - 5
    warrior-shield::intro:
      - 7f9c6ea409d1c0187b9d4725a164c9d3
      - 3
    warrior-shield::intro-always:
      - f6900eccf8a6eb4e06d71251f54b10db
      - 3
  studies:
    baseline:
      - 373d1e29033ffc5ea60dbff8907d8999
      - 13
    digi-ibd-001:
      - 5ce183d1db1ab8ac437404d38f516e79
      - 5
    hpi-decode-bp:
      - 00783e5154ee5312655ba6dd114f7d2e
      - 10
    ibd-forecast:
      - c252625c63ccf76edddbfa7edef0a857
      - 17
    pss:
      - 84df1128bb2a7d0b651651c5907e796f
      - 11
    warrior-shield:
      - 4bd95befd9f6f05f54ffe72192d3d405
      - 13
  surveys:
    baseline_cd_risc_survey:
      - 7526ffe53d131d520705edf5fb802d3c
      - 7
    baseline_demographics:
      - 9d4ecd53b595891685e9787706f79c42
      - 11
    baseline_medical_history:
      - 8ef115f3b2339b5ba6b73394c29f241c
      - 12
    digi-ibd-001::begin-next-phase:
      - b4ec11f4386217974ffe5ca27cce78c7
      - 2
    digi-ibd-001::patient-global-impression-crohns-change:
      - c5cda8deb310a1c14c077b2a82e54462
      - 3
    digi-ibd-001::patient-global-impression-crohns-severity:
      - 166da75caa8381e669e90e0940c1af75
      - 3
    digi-ibd-001::patient-global-impression-fatigue-change:
      - b3d423ae1a06bc5ec3e188e094aa9496
      - 3
    digi-ibd-001::patient-global-impression-fatigue-severity:
      - 6ad3ad1076cdbe630cc3492b31c6547b
      - 3
    digi-ibd-001::patient-global-impression-sleep-disturbance-change:
      - f5bd1aa20b9523e0d781ef3747386617
      - 3
    digi-ibd-001::patient-global-impression-sleep-disturbance-severity:
      - c5a34a653d272aee2eeeed3a6734e4d4
      - 3
    digi-ibd-001::patient-global-impression-uc-change:
      - eca6820dfc5846a6144e1efa2b8d6beb
      - 3
    digi-ibd-001::patient-global-impression-uc-severity:
      - 3415a999d0a7ac5b490b6fa67450ac5e
      - 3
    digi-ibd-001::pro-3-screening:
      - d245d676b7c965f370cc50a2b64ead03
      - 2
    digi-ibd-001::promis-emotional-distress-anxiety-screening:
      - 1745849bab437d543324469f8cf039d2
      - 2
    digi-ibd-001::promis-emotional-distress-depression-screening:
      - 8d6a87643244aa934dc5a22c48d07466
      - 2
    digi-ibd-001::promis-fatigue-7a-screening:
      - be18b68900c6b4099769d8f881a461ba
      - 2
    digi-ibd-001::promis-gi-belly-pain-screening:
      - a6007e5891aeed0e645cfdf3b19a5f83
      - 2
    digi-ibd-001::promis-gi-diarrhea-screening:
      - cf910e1024f1dd5af2390d97312f4070
      - 2
    digi-ibd-001::promis-sleep-disturbance-8a-v1.0-screening:
      - 91da5a041b1a06bc13afbb864ce5f25d
      - 2
    digi-ibd-001::promis-sleep-related-impairment-screening:
      - 37b2cff9c36740df9dbc1b6866fdcd30
      - 2
    digi-ibd-001::sccai-screening:
      - a0abfc8f7c244bea8fbe5853e537160e
      - 3
    digi-ibd-001::sibdq-screening:
      - 9c4059f46c5497b496be568893424fe8
      - 3
    digi-ibd-001::which-ibd:
      - eb97b57a356f09d5f40b9584071e41c7
      - 3
    health_care:
      - 552cb6895afd4638b76f0210a822b913
      - 7
    hpi-decode-bp::clearance:
      - f16dd5c403c0406096bfe18374ff57d0
      - 2
    hpi-decode-bp::demographics:
      - e45a990c0fb952954b02c9be0687b7ad
      - 4
    hpi-decode-bp::usability:
      - 616d151620c66b629ae624ab41661a37
      - 2
    ibd-forecast::baseline_demographics:
      - 27aa8007ddee5c8d7f48af47ac6980b2
      - 6
    ibd-forecast::baseline_health_crohn:
      - 4e994ae4150e66afabb0103683d95173
      - 6
    ibd-forecast::baseline_health_pouch:
      - f63f8c15335d94933f1d1bf675b0d06e
      - 2
    ibd-forecast::baseline_health_uc:
      - 2fe4a5846193cabff9fb432b6086019f
      - 8
    ibd-forecast::lab_tests:
      - 792b7e5aac2aa3120f7d02832dfacd3a
      - 4
    ibd-forecast::new_meds:
      - cff8d09b78664ea8508ddd22d8f73c97
      - 6
    ibd-forecast::pouch:
      - b061f95119c34c6603feeddb97aa3169
      - 2
    ibd-forecast::pss-4-baseline:
      - 2cdcff5ef97534b49b5b85d968b3a8b3
      - 4
    ibd-forecast::pss-4-bi-weekly:
      - f79b0d3681fde2c3b2889e737aef7a1d
      - 6
    library::cd-risc-10:
      - fcb9e7bfc01c573b6f82764d5f981237
      - 4
    library::cd-risc-2:
      - 0657c1eaff0b7e5bc891416fd86221e4
      - 3
    library::fitzpatrick-skin-type:
      - ae059e02c50a91fddc5499dc54d6eac9
      - 4
    library::neuro-qol-positive-affect-and-well-being-item-bank-v1.0:
      - 7eba1c5af0db9559ba83da47a7e592aa
      - 5
    library::phq-4:
      - 967ee89aa223f38f2c9c17c404a5fc7c
      - 5
    library::phq-8:
      - 47b54eb7c38c5a1006d79da2b29d2931
      - 3
    library::pro-2-crohns:
      - 8e60a027c134b30183c21ccb5f7b3e08
      - 5
    library::pro-2-uc:
      - bd658d599ea40f824f8d6a33785df636
      - 6
    library::pro-3:
      - 8849cd1b0403fc541619128ac94a4105
      - 2
    library::promis-emotional-distress-anxiety:
      - fbb7adec1fa117326535544f9ebbf873
      - 2
    library::promis-emotional-distress-depression:
      - 2f1faad2aa3580c84f76e67d520318db
      - 2
    library::promis-fatigue-7a:
      - b5faf4cbde3cb354de3c4764639805bb
      - 2
    library::promis-gh-qol-2-item:
      - b84b265b2bca6a15b6fe0e317fba8471
      - 3
    library::promis-gi-belly-pain:
      - 60720c956e5ac680f176f8c82f6e1880
      - 3
    library::promis-gi-diarrhea:
      - dd922307475e0345d88415f4f8a8838b
      - 3
    library::promis-pain-interference-6b-v1.0:
      - 560aada9d2731a0f823f4f9cf3acf816
      - 3
    library::promis-sleep-disturbance-8a-v1.0:
      - 39398b8e15e50820cc54f577bd882a22
      - 4
    library::promis-sleep-related-impairment:
      - e5e794f4df93dc6b19c8d6011b9f3b2e
      - 2
    library::promis-social-support-2-item:
      - b3d63c9370d3003ff600fed19b7f4e89
      - 5
    library::pss-10:
      - feb175de10ec7edf1b008944d78587ca
      - 4
    library::pss-4:
      - 71aeb58cc32d90569bd590afd9024ad1
      - 4
    library::sccai:
      - b00da2bce8fd8608f0dcc274b06ee16e
      - 3
    library::sibdq:
      - cecf9cbe66dafc7664792bc3fbf5014e
      - 3
    mood_survey:
      - d4fa6e64c43da7ef6fd70d70f317dfec
      - 6
    pain:
      - d50a18b8d0082a13bbf9cc585711585c
      - 8
    pss4:
      - cbfc034b38840919b1cfa6333922dd6e
      - 8
    qol_survey:
      - 1363873d1d15e3b5a98fea2af72ebdee
      - 7
    satisfaction_survey_final:
      - 5475cf0fa45a7a16babd196845e2cde0
      - 9
    satisfaction_survey_monthly:
      - ce31855952e018388898994aeb2d3321
      - 11
    sleep:
      - 0ebd4b12e01bac5d343a21144658e97b
      - 8
    sleep_stress_pain:
      - fd04400919f5dc5bd05fea6a6783425c
      - 7
    warrior-shield::daily-check-in:
      - c3a58c2c52a8172fcfae9301e6540d30
      - 2
    warrior-shield::demographics:
      - 3256d2d91f1c486aaaedb222a83aa812
      - 3
    warrior-shield::devices:
      - a62aaa4e5c428e803d201d50a27bd63a
      - 6
    warrior-shield::heartmath-satisfaction:
      - 94e0f346fa7141e8cc6fb0bd3c2d3908
      - 2
    warrior-shield::report-new-information:
      - df7efc5d17fdb2a3f5aeacdd38579d98
      - 2
    warrior-shield::start-intervention:
      - fa4c0879effa253695529beb90016a47
      - 4
inactive:
  interventions: {}
  multimedia: {}
  studies: {}
  surveys: {}

