active:
  studies:
    pss:
      - 4c72cc408ed08d8ebb2cb4a6f05abbca
      - 18
    baseline:
      - 09a5a2da84e7aa72b83a7088b783aa58
      - 15
  surveys:
    baseline_cd_risc_survey:
      - c7ebe8d919288a6caa8f85b916164245
      - 9
    baseline_demographics:
      - 3da11760b0cd0f3890d8a43d9dae9eeb
      - 13
    health_care:
      - 68e8cbf3405497fe9b40300f29a7fbe2
      - 9
    mood_survey:
      - 5ebf3b1c67af7b731c5a1466136cf2e5
      - 8
    baseline_medical_history:
      - cb22035ca2bbec087f1ead0b2f5cd6cb
      - 11
    qol_survey:
      - 64e65407ed5e8185711dc4ae66973d47
      - 9
    pain:
      - 3f408f06d636683e99edf88263b6eeac
      - 9
    pss4:
      - 0c62b91d0f6773c9773abb0812a23f0e
      - 10
    satisfaction_survey_final:
      - d77acc408c8ee3ec11072c4d9c1d9f2e
      - 9
    sleep:
      - 8dd034c69f2aa5a26e604633c81a3df4
      - 9
    satisfaction_survey_monthly:
      - c4bc9c2848550c34a9f700986619020a
      - 11
    library::cd-risc-2:
      - d89948889bd4ca16edc956c3f3a4cbe6
      - 1
    sleep_stress_pain:
      - 08bd2781c1180c59c267ac132f3277b1
      - 11
    library::phq-4:
      - 55aa5374164d9d656cf7101bfd69703d
      - 1
    library::cd-risc-10:
      - 18f6ba4eca68f78358e7f67e7a8b3290
      - 1
    library::phq-8:
      - 93f2957fca5cfa1a3bb983051d83882d
      - 1
    library::neuro-qol-positive-affect-and-well-being-item-bank-v1.0:
      - 956e224fd4da3d4c5b08a0040cba643d
      - 1
    library::promis-social-support-2-item:
      - 54feb6f044ba096facb77f2ddae89d6a
      - 1
    library::promis-pain-interference-6b-v1.0:
      - 547d6c5353b76caf53a54d1f7bca303c
      - 1
    library::pss-4:
      - af5d3af60ca5da4ea3af82aa71130d0e
      - 1
    library::promis-sleep-disturbance-8a-v1.0:
      - 244fe53060b550c274c473585f25bff1
      - 1
    library::pss-10:
      - 83a57887918721982751202a0f750121
      - 1
    library::promis-gh-qol-2-item:
      - ca0c06b2308830bfe709406f152dff8f
      - 1
  multimedia: {}
inactive:
  studies: {}
  surveys: {}
  multimedia: {}

