studies:
  baseline:
    - cd79c138eca2e17a0c846caa47973b46
    - 8
  pss:
    - a3f6fd32645c35c8f18070765a869122
    - 2
surveys:
  baseline_cd_risc_survey:
    - 261526076f6bf5b835c1ccfc46d938fd
    - 5
  pain:
    - 913af5c6fc42ec0be3291bad95779849
    - 5
  pss4:
    - 69cfe88b0da6ae0c7464bdc6dfbede7c
    - 5
  health_care:
    - cddb25dfabde43cc137c2d00dbb02960
    - 5
  mood_survey:
    - 05fcd7ab20d6ef2cf89aacad3afa3099
    - 4
  qol_survey:
    - c38ae4f9ed266d9f5cc059ca56216ca9
    - 5
  satisfaction_survey_final:
    - 0c8401669b4630911fa564707b1d59aa
    - 6
  satisfaction_survey_monthly:
    - 560255b0dfaec3119dfb2ea37ffd9678
    - 8
  sleep:
    - 51a4b6a3e4e7238f36838952986e7222
    - 5
  baseline_demographics:
    - 024a7810c2ec905aa3a93ce270d02c51
    - 8
  baseline_medical_history:
    - ac2995d787c4478591e19c4286fe261c
    - 7
  sleep_stress_pain:
    - 73ab7d6a09fd88530859c288c811491b
    - 5

